
Microsoft Visual Studio Solution File, Format Version 12.00
# Visual Studio Version 17
VisualStudioVersion = 17.4.33213.308
MinimumVisualStudioVersion = 10.0.40219.1
Project("{FAE04EC0-301F-11D3-BF4B-00C04F79EFBC}") = "ConsoleApp2", "ConsoleApp2\ConsoleApp2.csproj", "{E3AE245B-9CB1-4D10-994E-2AF235E6179D}"
EndProject
Project("{FAE04EC0-301F-11D3-BF4B-00C04F79EFBC}") = "UnitTest", "UnitTest\UnitTest.csproj", "{19B5776D-50A6-4EEC-80F6-B8B5663092FE}"
EndProject
Global
	GlobalSection(SolutionConfigurationPlatforms) = preSolution
		Debug|Any CPU = Debug|Any CPU
		Release|Any CPU = Release|Any CPU
	EndGlobalSection
	GlobalSection(ProjectConfigurationPlatforms) = postSolution
		{E3AE245B-9CB1-4D10-994E-2AF235E6179D}.Debug|Any CPU.ActiveCfg = Debug|Any CPU
		{E3AE245B-9CB1-4D10-994E-2AF235E6179D}.Debug|Any CPU.Build.0 = Debug|Any CPU
		{E3AE245B-9CB1-4D10-994E-2AF235E6179D}.Release|Any CPU.ActiveCfg = Release|Any CPU
		{E3AE245B-9CB1-4D10-994E-2AF235E6179D}.Release|Any CPU.Build.0 = Release|Any CPU
		{19B5776D-50A6-4EEC-80F6-B8B5663092FE}.Debug|Any CPU.ActiveCfg = Debug|Any CPU
		{19B5776D-50A6-4EEC-80F6-B8B5663092FE}.Debug|Any CPU.Build.0 = Debug|Any CPU
		{19B5776D-50A6-4EEC-80F6-B8B5663092FE}.Release|Any CPU.ActiveCfg = Release|Any CPU
		{19B5776D-50A6-4EEC-80F6-B8B5663092FE}.Release|Any CPU.Build.0 = Release|Any CPU
	EndGlobalSection
	GlobalSection(SolutionProperties) = preSolution
		HideSolutionNode = FALSE
	EndGlobalSection
	GlobalSection(ExtensibilityGlobals) = postSolution
		SolutionGuid = {49D1D98B-C766-4C3F-946F-66725348626B}
	EndGlobalSection
EndGlobal
